
Microsoft Visual Studio Solution File, Format Version 12.00
# Visual Studio 2013
VisualStudioVersion = 12.0.31101.0
MinimumVisualStudioVersion = 10.0.40219.1
Project("{FAE04EC0-301F-11D3-BF4B-00C04F79EFBC}") = "MessagingClient", "MessagingClient\MessagingClient.csproj", "{40940556-5D7A-4927-98C8-B8875FE89F36}"
EndProject
Project("{FAE04EC0-301F-11D3-BF4B-00C04F79EFBC}") = "MessagingClient.Core", "MessagingClient.Core\MessagingClient.Core.csproj", "{86681B74-DCB8-472D-8022-46E1BCDEA240}"
EndProject
Project("{FAE04EC0-301F-11D3-BF4B-00C04F79EFBC}") = "MessagingClient.Data", "MessagingClient.Data\MessagingClient.Data.csproj", "{96CEBF91-8E86-4DFE-885E-90EB536E2B36}"
EndProject
Project("{FAE04EC0-301F-11D3-BF4B-00C04F79EFBC}") = "MessagingClient.Business", "MessagingClient.Business\MessagingClient.Business.csproj", "{7F3FC091-ECDE-44A2-9A06-4B77F1F2124E}"
EndProject
Global
	GlobalSection(SolutionConfigurationPlatforms) = preSolution
		Debug|Any CPU = Debug|Any CPU
		Release|Any CPU = Release|Any CPU
	EndGlobalSection
	GlobalSection(ProjectConfigurationPlatforms) = postSolution
		{40940556-5D7A-4927-98C8-B8875FE89F36}.Debug|Any CPU.ActiveCfg = Debug|Any CPU
		{40940556-5D7A-4927-98C8-B8875FE89F36}.Debug|Any CPU.Build.0 = Debug|Any CPU
		{40940556-5D7A-4927-98C8-B8875FE89F36}.Release|Any CPU.ActiveCfg = Release|Any CPU
		{40940556-5D7A-4927-98C8-B8875FE89F36}.Release|Any CPU.Build.0 = Release|Any CPU
		{86681B74-DCB8-472D-8022-46E1BCDEA240}.Debug|Any CPU.ActiveCfg = Debug|Any CPU
		{86681B74-DCB8-472D-8022-46E1BCDEA240}.Debug|Any CPU.Build.0 = Debug|Any CPU
		{86681B74-DCB8-472D-8022-46E1BCDEA240}.Release|Any CPU.ActiveCfg = Release|Any CPU
		{86681B74-DCB8-472D-8022-46E1BCDEA240}.Release|Any CPU.Build.0 = Release|Any CPU
		{96CEBF91-8E86-4DFE-885E-90EB536E2B36}.Debug|Any CPU.ActiveCfg = Debug|Any CPU
		{96CEBF91-8E86-4DFE-885E-90EB536E2B36}.Debug|Any CPU.Build.0 = Debug|Any CPU
		{96CEBF91-8E86-4DFE-885E-90EB536E2B36}.Release|Any CPU.ActiveCfg = Release|Any CPU
		{96CEBF91-8E86-4DFE-885E-90EB536E2B36}.Release|Any CPU.Build.0 = Release|Any CPU
		{7F3FC091-ECDE-44A2-9A06-4B77F1F2124E}.Debug|Any CPU.ActiveCfg = Debug|Any CPU
		{7F3FC091-ECDE-44A2-9A06-4B77F1F2124E}.Debug|Any CPU.Build.0 = Debug|Any CPU
		{7F3FC091-ECDE-44A2-9A06-4B77F1F2124E}.Release|Any CPU.ActiveCfg = Release|Any CPU
		{7F3FC091-ECDE-44A2-9A06-4B77F1F2124E}.Release|Any CPU.Build.0 = Release|Any CPU
	EndGlobalSection
	GlobalSection(SolutionProperties) = preSolution
		HideSolutionNode = FALSE
	EndGlobalSection
EndGlobal
